{
  "name": "week1-assignment-umutdag1",
  "version": "1.0.0",
  "lockfileVersion": 2,
  "requires": true,
  "packages": {
    "": {
      "name": "week1-assignment-umutdag1",
      "version": "1.0.0",
      "license": "ISC",
      "dependencies": {
        "http-status": "^1.5.0",
        "xmlhttprequest": "^1.8.0"
      }
    },
    "node_modules/http-status": {
      "version": "1.5.0",
      "resolved": "https://registry.npmjs.org/http-status/-/http-status-1.5.0.tgz",
      "integrity": "sha512-wcGvY31MpFNHIkUcXHHnvrE4IKYlpvitJw5P/1u892gMBAM46muQ+RH7UN1d+Ntnfx5apnOnVY6vcLmrWHOLwg==",
      "engines": {
        "node": ">= 0.4.0"
      }
    },
    "node_modules/xmlhttprequest": {
      "version": "1.8.0",
      "resolved": "https://registry.npmjs.org/xmlhttprequest/-/xmlhttprequest-1.8.0.tgz",
      "integrity": "sha1-Z/4HXFwk/vOfnWX197f+dRcZaPw=",
      "engines": {
        "node": ">=0.4.0"
      }
    }
  },
  "dependencies": {
    "http-status": {
      "version": "1.5.0",
      "resolved": "https://registry.npmjs.org/http-status/-/http-status-1.5.0.tgz",
      "integrity": "sha512-wcGvY31MpFNHIkUcXHHnvrE4IKYlpvitJw5P/1u892gMBAM46muQ+RH7UN1d+Ntnfx5apnOnVY6vcLmrWHOLwg=="
    },
    "xmlhttprequest": {
      "version": "1.8.0",
      "resolved": "https://registry.npmjs.org/xmlhttprequest/-/xmlhttprequest-1.8.0.tgz",
      "integrity": "sha1-Z/4HXFwk/vOfnWX197f+dRcZaPw="
    }
  }
}
